<?xml version="1.0" encoding="utf-8"?>
<Project ToolsVersion="4.0" xmlns="http://schemas.microsoft.com/developer/msbuild/2003">
  <ItemGroup>
    <Filter Include="소스 파일">
      <UniqueIdentifier>{4FC737F1-C7A5-4376-A066-2A32D752A2FF}</UniqueIdentifier>
      <Extensions>cpp;c;cc;cxx;c++;cppm;ixx;def;odl;idl;hpj;bat;asm;asmx</Extensions>
    </Filter>
    <Filter Include="헤더 파일">
      <UniqueIdentifier>{93995380-89BD-4b04-88EB-625FBE52EBFB}</UniqueIdentifier>
      <Extensions>h;hh;hpp;hxx;h++;hm;inl;inc;ipp;xsd</Extensions>
    </Filter>
    <Filter Include="리소스 파일">
      <UniqueIdentifier>{67DA6AB6-F800-4c08-8B7A-83BB121AAD01}</UniqueIdentifier>
      <Extensions>rc;ico;cur;bmp;dlg;rc2;rct;bin;rgs;gif;jpg;jpeg;jpe;resx;tiff;tif;png;wav;mfcribbon-ms</Extensions>
    </Filter>
    <Filter Include="auto">
      <UniqueIdentifier>{a88e6696-3e5e-40ec-b574-cfe1c6b0dfd9}</UniqueIdentifier>
    </Filter>
    <Filter Include="Test">
      <UniqueIdentifier>{a07dd01a-e2d0-4e97-8ece-ee0598f9c0c8}</UniqueIdentifier>
    </Filter>
    <Filter Include="for">
      <UniqueIdentifier>{8b2f584c-3ed5-4fba-86ed-608891e1ed4d}</UniqueIdentifier>
    </Filter>
    <Filter Include="typeid">
      <UniqueIdentifier>{a3ae6980-7013-4183-8386-7292594262b8}</UniqueIdentifier>
    </Filter>
  </ItemGroup>
  <ItemGroup>
    <ClInclude Include="resource.h">
      <Filter>헤더 파일</Filter>
    </ClInclude>
  </ItemGroup>
  <ItemGroup>
    <ResourceCompile Include="ModernC++.rc">
      <Filter>리소스 파일</Filter>
    </ResourceCompile>
  </ItemGroup>
  <ItemGroup>
    <ClCompile Include="01_auto.cpp">
      <Filter>auto</Filter>
    </ClCompile>
    <ClCompile Include="02_auto.cpp">
      <Filter>auto</Filter>
    </ClCompile>
    <ClCompile Include="03_auto.cpp">
      <Filter>auto</Filter>
    </ClCompile>
    <ClCompile Include="main.cpp" />
    <ClCompile Include="C++ 클래스 quiz 01.cpp">
      <Filter>Test</Filter>
    </ClCompile>
    <ClCompile Include="C++ 클래스 quiz 02.cpp">
      <Filter>Test</Filter>
    </ClCompile>
    <ClCompile Include="C++ 클래스 quiz 03.cpp">
      <Filter>Test</Filter>
    </ClCompile>
    <ClCompile Include="C++ 클래스 quiz 04.cpp">
      <Filter>Test</Filter>
    </ClCompile>
    <ClCompile Include="C++ 클래스 quiz 05.cpp">
      <Filter>Test</Filter>
    </ClCompile>
    <ClCompile Include="C++ 클래스 quiz 06.cpp">
      <Filter>Test</Filter>
    </ClCompile>
    <ClCompile Include="C++ 클래스 quiz 07.cpp">
      <Filter>Test</Filter>
    </ClCompile>
    <ClCompile Include="C++ 클래스 quiz 08.cpp">
      <Filter>Test</Filter>
    </ClCompile>
    <ClCompile Include="C++ 클래스 quiz 09.cpp">
      <Filter>Test</Filter>
    </ClCompile>
    <ClCompile Include="C++ 클래스 quiz 10.cpp">
      <Filter>Test</Filter>
    </ClCompile>
    <ClCompile Include="C++ 클래스 quiz 11.cpp">
      <Filter>Test</Filter>
    </ClCompile>
    <ClCompile Include="C++ 클래스 quiz 12.cpp">
      <Filter>Test</Filter>
    </ClCompile>
    <ClCompile Include="C++ 클래스 quiz 13.cpp">
      <Filter>Test</Filter>
    </ClCompile>
    <ClCompile Include="C++ 클래스 quiz 14.cpp">
      <Filter>Test</Filter>
    </ClCompile>
    <ClCompile Include="C++ 클래스 quiz 15.cpp">
      <Filter>Test</Filter>
    </ClCompile>
    <ClCompile Include="연습문제 STL 문제.cpp">
      <Filter>Test</Filter>
    </ClCompile>
    <ClCompile Include="01_Ranged-based for.cpp">
      <Filter>for</Filter>
    </ClCompile>
    <ClCompile Include="02_Ranged-based for.cpp">
      <Filter>for</Filter>
    </ClCompile>
    <ClCompile Include="03_Ranged-based for.cpp">
      <Filter>for</Filter>
    </ClCompile>
    <ClCompile Include="001_typeid 1.cpp">
      <Filter>typeid</Filter>
    </ClCompile>
    <ClCompile Include="002_typeid 2.cpp">
      <Filter>typeid</Filter>
    </ClCompile>
    <ClCompile Include="003_typeid 3.cpp">
      <Filter>typeid</Filter>
    </ClCompile>
    <ClCompile Include="004_decltype.cpp">
      <Filter>typeid</Filter>
    </ClCompile>
    <ClCompile Include="005_decltype1.cpp">
      <Filter>typeid</Filter>
    </ClCompile>
    <ClCompile Include="006_decltype2.cpp">
      <Filter>typeid</Filter>
    </ClCompile>
    <ClCompile Include="007_decltype3(auto).cpp">
      <Filter>typeid</Filter>
    </ClCompile>
    <ClCompile Include="008_template_type.cpp">
      <Filter>typeid</Filter>
    </ClCompile>
    <ClCompile Include="009_auto_type.cpp">
      <Filter>typeid</Filter>
    </ClCompile>
    <ClCompile Include="010_auto_type2.cpp">
      <Filter>typeid</Filter>
    </ClCompile>
    <ClCompile Include="011_auto_type3.cpp">
      <Filter>typeid</Filter>
    </ClCompile>
  </ItemGroup>
</Project>