<?xml version="1.0" encoding="utf-8"?>
<Project ToolsVersion="4.0" xmlns="http://schemas.microsoft.com/developer/msbuild/2003">
  <ItemGroup>
    <Filter Include="소스 파일">
      <UniqueIdentifier>{4FC737F1-C7A5-4376-A066-2A32D752A2FF}</UniqueIdentifier>
      <Extensions>cpp;c;cc;cxx;c++;cppm;ixx;def;odl;idl;hpj;bat;asm;asmx</Extensions>
    </Filter>
    <Filter Include="헤더 파일">
      <UniqueIdentifier>{93995380-89BD-4b04-88EB-625FBE52EBFB}</UniqueIdentifier>
      <Extensions>h;hh;hpp;hxx;h++;hm;inl;inc;ipp;xsd</Extensions>
    </Filter>
    <Filter Include="리소스 파일">
      <UniqueIdentifier>{67DA6AB6-F800-4c08-8B7A-83BB121AAD01}</UniqueIdentifier>
      <Extensions>rc;ico;cur;bmp;dlg;rc2;rct;bin;rgs;gif;jpg;jpeg;jpe;resx;tiff;tif;png;wav;mfcribbon-ms</Extensions>
    </Filter>
    <Filter Include="01 Modern C++">
      <UniqueIdentifier>{39a9398b-d3e3-418d-b0e7-1b0b8b8707c0}</UniqueIdentifier>
    </Filter>
    <Filter Include="Lab">
      <UniqueIdentifier>{5a9ce441-6835-4e5d-a341-20a52e3ff523}</UniqueIdentifier>
    </Filter>
    <Filter Include="Lab\Lab1">
      <UniqueIdentifier>{cd69594d-2ed0-4639-b36a-a01651567b0e}</UniqueIdentifier>
    </Filter>
    <Filter Include="02 Template Generic Programming">
      <UniqueIdentifier>{1b9e962d-7f51-4e54-86f6-fc56c25790c8}</UniqueIdentifier>
    </Filter>
  </ItemGroup>
  <ItemGroup>
    <ClCompile Include="01 Modern C++\001_file.cpp">
      <Filter>01 Modern C++</Filter>
    </ClCompile>
    <ClCompile Include="01 Modern C++\002 filesystem.cpp">
      <Filter>01 Modern C++</Filter>
    </ClCompile>
    <ClCompile Include="01 Modern C++\003_static_assert.cpp">
      <Filter>01 Modern C++</Filter>
    </ClCompile>
    <ClCompile Include="01 Modern C++\004 if init 1.cpp">
      <Filter>01 Modern C++</Filter>
    </ClCompile>
    <ClCompile Include="01 Modern C++\004 if init 2.cpp">
      <Filter>01 Modern C++</Filter>
    </ClCompile>
    <ClCompile Include="01 Modern C++\005 if constexpr.cpp">
      <Filter>01 Modern C++</Filter>
    </ClCompile>
    <ClCompile Include="01 Modern C++\006 structured binding.cpp">
      <Filter>01 Modern C++</Filter>
    </ClCompile>
    <ClCompile Include="01 Modern C++\007 using enum.cpp">
      <Filter>01 Modern C++</Filter>
    </ClCompile>
    <ClCompile Include="01 Modern C++\011 attributes1.cpp">
      <Filter>01 Modern C++</Filter>
    </ClCompile>
    <ClCompile Include="01 Modern C++\011 attributes2.cpp">
      <Filter>01 Modern C++</Filter>
    </ClCompile>
    <ClCompile Include="01 Modern C++\011 attributes3.cpp">
      <Filter>01 Modern C++</Filter>
    </ClCompile>
    <ClCompile Include="01 Modern C++\012 spaceship operator.cpp">
      <Filter>01 Modern C++</Filter>
    </ClCompile>
    <ClCompile Include="01 Modern C++\012 spaceship operator2.cpp">
      <Filter>01 Modern C++</Filter>
    </ClCompile>
    <ClCompile Include="01 Modern C++\013 math.cpp">
      <Filter>01 Modern C++</Filter>
    </ClCompile>
    <ClCompile Include="01 Modern C++\014 optional.cpp">
      <Filter>01 Modern C++</Filter>
    </ClCompile>
    <ClCompile Include="01 Modern C++\014 optional1.cpp">
      <Filter>01 Modern C++</Filter>
    </ClCompile>
    <ClCompile Include="01 Modern C++\014 optional2.cpp">
      <Filter>01 Modern C++</Filter>
    </ClCompile>
    <ClCompile Include="01 Modern C++\014 optional3.cpp">
      <Filter>01 Modern C++</Filter>
    </ClCompile>
    <ClCompile Include="01 Modern C++\015 variant.cpp">
      <Filter>01 Modern C++</Filter>
    </ClCompile>
    <ClCompile Include="01 Modern C++\017 trivial.cpp">
      <Filter>01 Modern C++</Filter>
    </ClCompile>
    <ClCompile Include="01 Modern C++\018 common_type.cpp">
      <Filter>01 Modern C++</Filter>
    </ClCompile>
    <ClCompile Include="01 Modern C++\019 invoke.cpp">
      <Filter>01 Modern C++</Filter>
    </ClCompile>
    <ClCompile Include="01 Modern C++\019 invoke2.cpp">
      <Filter>01 Modern C++</Filter>
    </ClCompile>
    <ClCompile Include="01 Modern C++\020 Designated initalizers.cpp">
      <Filter>01 Modern C++</Filter>
    </ClCompile>
    <ClCompile Include="01 Modern C++\021 __VA_OPT.cpp">
      <Filter>01 Modern C++</Filter>
    </ClCompile>
    <ClCompile Include="01 Modern C++\021 char8_t.cpp">
      <Filter>01 Modern C++</Filter>
    </ClCompile>
    <ClCompile Include="01 Modern C++\참고 carry_dependency.cpp">
      <Filter>01 Modern C++</Filter>
    </ClCompile>
    <ClCompile Include="01 Modern C++\테스트 common_type.cpp">
      <Filter>01 Modern C++</Filter>
    </ClCompile>
    <ClCompile Include="01 Modern C++\테스트 Init Statement.cpp">
      <Filter>01 Modern C++</Filter>
    </ClCompile>
    <ClCompile Include="01 Modern C++\테스트 invoke.cpp">
      <Filter>01 Modern C++</Filter>
    </ClCompile>
    <ClCompile Include="01 Modern C++\테스트 invoke2.cpp">
      <Filter>01 Modern C++</Filter>
    </ClCompile>
    <ClCompile Include="01 Modern C++\테스트 optional.cpp">
      <Filter>01 Modern C++</Filter>
    </ClCompile>
    <ClCompile Include="01 Modern C++\테스트 optional2.cpp">
      <Filter>01 Modern C++</Filter>
    </ClCompile>
    <ClCompile Include="01 Modern C++\테스트 spaceship operator.cpp">
      <Filter>01 Modern C++</Filter>
    </ClCompile>
    <ClCompile Include="01 Modern C++\테스트 static_assert.cpp">
      <Filter>01 Modern C++</Filter>
    </ClCompile>
    <ClCompile Include="main.cpp">
      <Filter>소스 파일</Filter>
    </ClCompile>
    <ClCompile Include="..\과제\과제01\테스트 common_type.cpp">
      <Filter>Lab\Lab1</Filter>
    </ClCompile>
    <ClCompile Include="..\과제\과제01\테스트 Init Statement.cpp">
      <Filter>Lab\Lab1</Filter>
    </ClCompile>
    <ClCompile Include="..\과제\과제01\테스트 invoke.cpp">
      <Filter>Lab\Lab1</Filter>
    </ClCompile>
    <ClCompile Include="..\과제\과제01\테스트 invoke2.cpp">
      <Filter>Lab\Lab1</Filter>
    </ClCompile>
    <ClCompile Include="..\과제\과제01\테스트 optional.cpp">
      <Filter>Lab\Lab1</Filter>
    </ClCompile>
    <ClCompile Include="..\과제\과제01\테스트 optional2.cpp">
      <Filter>Lab\Lab1</Filter>
    </ClCompile>
    <ClCompile Include="..\과제\과제01\테스트 spaceship operator.cpp">
      <Filter>Lab\Lab1</Filter>
    </ClCompile>
    <ClCompile Include="..\과제\과제01\테스트 static_assert.cpp">
      <Filter>Lab\Lab1</Filter>
    </ClCompile>
    <ClCompile Include="02 Templete 제네릭 프로그래밍\100_templete.cpp">
      <Filter>02 Template Generic Programming</Filter>
    </ClCompile>
    <ClCompile Include="02 Templete 제네릭 프로그래밍\101_templete Argument.cpp">
      <Filter>02 Template Generic Programming</Filter>
    </ClCompile>
    <ClCompile Include="02 Templete 제네릭 프로그래밍\101_templete Parameter.cpp">
      <Filter>02 Template Generic Programming</Filter>
    </ClCompile>
    <ClCompile Include="02 Templete 제네릭 프로그래밍\102_templete Argument Type Deduction.cpp">
      <Filter>02 Template Generic Programming</Filter>
    </ClCompile>
    <ClCompile Include="02 Templete 제네릭 프로그래밍\102_templete_Deduction.cpp">
      <Filter>02 Template Generic Programming</Filter>
    </ClCompile>
    <ClCompile Include="02 Templete 제네릭 프로그래밍\102_templete_Deduction2.cpp">
      <Filter>02 Template Generic Programming</Filter>
    </ClCompile>
    <ClCompile Include="02 Templete 제네릭 프로그래밍\102_templete_Deduction3.cpp">
      <Filter>02 Template Generic Programming</Filter>
    </ClCompile>
    <ClCompile Include="02 Templete 제네릭 프로그래밍\102_templete_Deduction4_CTAD.cpp">
      <Filter>02 Template Generic Programming</Filter>
    </ClCompile>
    <ClCompile Include="02 Templete 제네릭 프로그래밍\103_Templete typedef.cpp">
      <Filter>02 Template Generic Programming</Filter>
    </ClCompile>
    <ClCompile Include="02 Templete 제네릭 프로그래밍\104_Templete typeid.cpp">
      <Filter>02 Template Generic Programming</Filter>
    </ClCompile>
    <ClCompile Include="02 Templete 제네릭 프로그래밍\104_Templete typeid2.cpp">
      <Filter>02 Template Generic Programming</Filter>
    </ClCompile>
    <ClCompile Include="02 Templete 제네릭 프로그래밍\105_Templete typename.cpp">
      <Filter>02 Template Generic Programming</Filter>
    </ClCompile>
    <ClCompile Include="02 Templete 제네릭 프로그래밍\105_Templete typename2.cpp">
      <Filter>02 Template Generic Programming</Filter>
    </ClCompile>
    <ClCompile Include="02 Templete 제네릭 프로그래밍\200 Templete parsing adl.cpp">
      <Filter>02 Template Generic Programming</Filter>
    </ClCompile>
    <ClCompile Include="02 Templete 제네릭 프로그래밍\300 Variable template.cpp">
      <Filter>02 Template Generic Programming</Filter>
    </ClCompile>
    <ClCompile Include="02 Templete 제네릭 프로그래밍\310 alias template.cpp">
      <Filter>02 Template Generic Programming</Filter>
    </ClCompile>
    <ClCompile Include="02 Templete 제네릭 프로그래밍\310 alias template2.cpp">
      <Filter>02 Template Generic Programming</Filter>
    </ClCompile>
    <ClCompile Include="02 Templete 제네릭 프로그래밍\400_templete_array.cpp">
      <Filter>02 Template Generic Programming</Filter>
    </ClCompile>
    <ClCompile Include="02 Templete 제네릭 프로그래밍\401_template_smart pointer1.cpp">
      <Filter>02 Template Generic Programming</Filter>
    </ClCompile>
    <ClCompile Include="02 Templete 제네릭 프로그래밍\401_template_smart pointer2.cpp">
      <Filter>02 Template Generic Programming</Filter>
    </ClCompile>
    <ClCompile Include="03 Templete 인스턴스화\100_Templete Instantiation.cpp">
      <Filter>02 Template Generic Programming</Filter>
    </ClCompile>
    <ClCompile Include="03 Templete 인스턴스화\803 Templete overload1.cpp">
      <Filter>02 Template Generic Programming</Filter>
    </ClCompile>
    <ClCompile Include="03 Templete 인스턴스화\803 Templete overload2.cpp">
      <Filter>02 Template Generic Programming</Filter>
    </ClCompile>
    <ClCompile Include="03 Templete 인스턴스화\803_Template specialization1.cpp">
      <Filter>02 Template Generic Programming</Filter>
    </ClCompile>
    <ClCompile Include="03 Templete 인스턴스화\803_Template specialization2.cpp">
      <Filter>02 Template Generic Programming</Filter>
    </ClCompile>
    <ClCompile Include="03 Templete 인스턴스화\803_Template specialization3.cpp">
      <Filter>02 Template Generic Programming</Filter>
    </ClCompile>
    <ClCompile Include="03 Templete 인스턴스화\816_Templete Instantiation.cpp">
      <Filter>02 Template Generic Programming</Filter>
    </ClCompile>
    <ClCompile Include="03 Templete 인스턴스화\817_Templete Instantiation extern.cpp">
      <Filter>02 Template Generic Programming</Filter>
    </ClCompile>
    <ClCompile Include="03 Templete 인스턴스화\905_Generic copy constructor.cpp">
      <Filter>02 Template Generic Programming</Filter>
    </ClCompile>
    <ClCompile Include="03 Templete 인스턴스화\906 Template copy constructor.cpp">
      <Filter>02 Template Generic Programming</Filter>
    </ClCompile>
    <ClCompile Include="03 Templete 인스턴스화\907 Templete Compile.cpp">
      <Filter>02 Template Generic Programming</Filter>
    </ClCompile>
    <ClCompile Include="04 Templete 프랜드, 중첩클래스\819_Template FriendFunction.cpp">
      <Filter>02 Template Generic Programming</Filter>
    </ClCompile>
    <ClCompile Include="04 Templete 프랜드, 중첩클래스\819_Template FriendFunction1.cpp">
      <Filter>02 Template Generic Programming</Filter>
    </ClCompile>
    <ClCompile Include="04 Templete 프랜드, 중첩클래스\819_Template FriendFunction2.cpp">
      <Filter>02 Template Generic Programming</Filter>
    </ClCompile>
    <ClCompile Include="04 Templete 프랜드, 중첩클래스\819_Template FriendFunction3.cpp">
      <Filter>02 Template Generic Programming</Filter>
    </ClCompile>
    <ClCompile Include="04 Templete 프랜드, 중첩클래스\820_NestedClassTemplate1.cpp">
      <Filter>02 Template Generic Programming</Filter>
    </ClCompile>
    <ClCompile Include="04 Templete 프랜드, 중첩클래스\820_NestedClassTemplate2.cpp">
      <Filter>02 Template Generic Programming</Filter>
    </ClCompile>
    <ClCompile Include="04 Templete 프랜드, 중첩클래스\nested dependent type name 1.cpp">
      <Filter>02 Template Generic Programming</Filter>
    </ClCompile>
    <ClCompile Include="04 Templete 프랜드, 중첩클래스\nested dependent type name 2.cpp">
      <Filter>02 Template Generic Programming</Filter>
    </ClCompile>
    <ClCompile Include="04 Templete 프랜드, 중첩클래스\nested dependent type name 3.cpp">
      <Filter>02 Template Generic Programming</Filter>
    </ClCompile>
    <ClCompile Include="05 Templete 템플릿과 상속\821_Template Inheritance.cpp">
      <Filter>02 Template Generic Programming</Filter>
    </ClCompile>
    <ClCompile Include="05 Templete 템플릿과 상속\821_Template Inheritance2.cpp">
      <Filter>02 Template Generic Programming</Filter>
    </ClCompile>
    <ClCompile Include="05 Templete 템플릿과 상속\822_Template Inheritance3.cpp">
      <Filter>02 Template Generic Programming</Filter>
    </ClCompile>
    <ClCompile Include="05 Templete 템플릿과 상속\822_Template Inheritance4.cpp">
      <Filter>02 Template Generic Programming</Filter>
    </ClCompile>
    <ClCompile Include="05 Templete 템플릿과 상속\901_template_Singleton1.cpp">
      <Filter>02 Template Generic Programming</Filter>
    </ClCompile>
    <ClCompile Include="05 Templete 템플릿과 상속\901_template_Singleton2.cpp">
      <Filter>02 Template Generic Programming</Filter>
    </ClCompile>
    <ClCompile Include="05 Templete 템플릿과 상속\901_template_Singleton3.cpp">
      <Filter>02 Template Generic Programming</Filter>
    </ClCompile>
  </ItemGroup>
</Project>